{
  "version": 4,
  "terraform_version": "1.9.4",
  "serial": 12,
  "lineage": "e76f4133-183e-cc41-b667-f752c73f93bf",
  "outputs": {},
  "resources": [
    {
      "mode": "managed",
      "type": "aws_ecr_repository",
      "name": "streaming_pipeline",
      "provider": "provider[\"registry.terraform.io/hashicorp/aws\"]",
      "instances": [
        {
          "schema_version": 0,
          "attributes": {
            "arn": "arn:aws:ecr:us-east-1:010438480794:repository/streaming_pipeline",
            "encryption_configuration": [
              {
                "encryption_type": "AES256",
                "kms_key": ""
              }
            ],
            "force_delete": null,
            "id": "streaming_pipeline",
            "image_scanning_configuration": [
              {
                "scan_on_push": false
              }
            ],
            "image_tag_mutability": "MUTABLE",
            "name": "streaming_pipeline",
            "registry_id": "010438480794",
            "repository_url": "010438480794.dkr.ecr.us-east-1.amazonaws.com/streaming_pipeline",
            "tags": {},
            "tags_all": {},
            "timeouts": null
          },
          "sensitive_attributes": [],
          "private": "eyJlMmJmYjczMC1lY2FhLTExZTYtOGY4OC0zNDM2M2JjN2M0YzAiOnsiZGVsZXRlIjoxMjAwMDAwMDAwMDAwfSwic2NoZW1hX3ZlcnNpb24iOiIwIn0="
        }
      ]
    },
    {
      "mode": "managed",
      "type": "aws_iam_instance_profile",
      "name": "streaming_pipeline_profile",
      "provider": "provider[\"registry.terraform.io/hashicorp/aws\"]",
      "instances": [
        {
          "schema_version": 0,
          "attributes": {
            "arn": "arn:aws:iam::010438480794:instance-profile/streaming_pipeline_profile",
            "create_date": "2024-08-13T10:48:11Z",
            "id": "streaming_pipeline_profile",
            "name": "streaming_pipeline_profile",
            "name_prefix": "",
            "path": "/",
            "role": "streaming_pipeline_role",
            "tags": {},
            "tags_all": {},
            "unique_id": "AIPAQE3ROSONAKYMBMDTY"
          },
          "sensitive_attributes": [],
          "private": "bnVsbA==",
          "dependencies": [
            "aws_iam_role.streaming_pipeline_role"
          ]
        }
      ]
    },
    {
      "mode": "managed",
      "type": "aws_iam_role",
      "name": "streaming_pipeline_role",
      "provider": "provider[\"registry.terraform.io/hashicorp/aws\"]",
      "instances": [
        {
          "schema_version": 0,
          "attributes": {
            "arn": "arn:aws:iam::010438480794:role/streaming_pipeline_role",
            "assume_role_policy": "{\"Statement\":[{\"Action\":\"sts:AssumeRole\",\"Effect\":\"Allow\",\"Principal\":{\"Service\":\"ec2.amazonaws.com\"}}],\"Version\":\"2012-10-17\"}",
            "create_date": "2024-08-13T10:48:10Z",
            "description": "",
            "force_detach_policies": false,
            "id": "streaming_pipeline_role",
            "inline_policy": [],
            "managed_policy_arns": [
              "arn:aws:iam::aws:policy/AmazonEC2ContainerRegistryReadOnly"
            ],
            "max_session_duration": 3600,
            "name": "streaming_pipeline_role",
            "name_prefix": "",
            "path": "/",
            "permissions_boundary": "",
            "tags": {},
            "tags_all": {},
            "unique_id": "AROAQE3ROSONAIJGNRNVE"
          },
          "sensitive_attributes": [],
          "private": "bnVsbA=="
        }
      ]
    },
    {
      "mode": "managed",
      "type": "aws_iam_role_policy_attachment",
      "name": "ecr_policy_attachment",
      "provider": "provider[\"registry.terraform.io/hashicorp/aws\"]",
      "instances": [
        {
          "schema_version": 0,
          "attributes": {
            "id": "streaming_pipeline_role-20240813104811579000000001",
            "policy_arn": "arn:aws:iam::aws:policy/AmazonEC2ContainerRegistryReadOnly",
            "role": "streaming_pipeline_role"
          },
          "sensitive_attributes": [],
          "private": "bnVsbA==",
          "dependencies": [
            "aws_iam_role.streaming_pipeline_role"
          ]
        }
      ]
    },
    {
      "mode": "managed",
      "type": "aws_instance",
      "name": "streaming_pipeline_server",
      "provider": "provider[\"registry.terraform.io/hashicorp/aws\"]",
      "instances": [
        {
          "schema_version": 1,
          "attributes": {
            "ami": "ami-0b1ca8b711f1d1fd7",
            "arn": "arn:aws:ec2:us-east-1:010438480794:instance/i-0dcaea8ed1abbcafc",
            "associate_public_ip_address": true,
            "availability_zone": "us-east-1b",
            "capacity_reservation_specification": [
              {
                "capacity_reservation_preference": "open",
                "capacity_reservation_target": []
              }
            ],
            "cpu_core_count": 1,
            "cpu_options": [
              {
                "amd_sev_snp": "",
                "core_count": 1,
                "threads_per_core": 1
              }
            ],
            "cpu_threads_per_core": 1,
            "credit_specification": [
              {
                "cpu_credits": "standard"
              }
            ],
            "disable_api_stop": false,
            "disable_api_termination": false,
            "ebs_block_device": [],
            "ebs_optimized": false,
            "enclave_options": [
              {
                "enabled": false
              }
            ],
            "ephemeral_block_device": [],
            "get_password_data": false,
            "hibernation": false,
            "host_id": "",
            "host_resource_group_arn": null,
            "iam_instance_profile": "streaming_pipeline_profile",
            "id": "i-0dcaea8ed1abbcafc",
            "instance_initiated_shutdown_behavior": "stop",
            "instance_lifecycle": "",
            "instance_market_options": [],
            "instance_state": "running",
            "instance_type": "t2.small",
            "ipv6_address_count": 0,
            "ipv6_addresses": [],
            "key_name": "streaming-pipeline-key",
            "launch_template": [],
            "maintenance_options": [
              {
                "auto_recovery": "default"
              }
            ],
            "metadata_options": [
              {
                "http_endpoint": "enabled",
                "http_protocol_ipv6": "disabled",
                "http_put_response_hop_limit": 1,
                "http_tokens": "optional",
                "instance_metadata_tags": "disabled"
              }
            ],
            "monitoring": false,
            "network_interface": [],
            "outpost_arn": "",
            "password_data": "",
            "placement_group": "",
            "placement_partition_number": 0,
            "primary_network_interface_id": "eni-0a49e1a8e80a9a7b7",
            "private_dns": "ip-172-31-26-223.ec2.internal",
            "private_dns_name_options": [
              {
                "enable_resource_name_dns_a_record": false,
                "enable_resource_name_dns_aaaa_record": false,
                "hostname_type": "ip-name"
              }
            ],
            "private_ip": "172.31.26.223",
            "public_dns": "ec2-54-235-19-165.compute-1.amazonaws.com",
            "public_ip": "54.235.19.165",
            "root_block_device": [
              {
                "delete_on_termination": true,
                "device_name": "/dev/sda1",
                "encrypted": false,
                "iops": 100,
                "kms_key_id": "",
                "tags": {},
                "tags_all": {},
                "throughput": 0,
                "volume_id": "vol-0d8993fa9c8aaf4ae",
                "volume_size": 8,
                "volume_type": "gp2"
              }
            ],
            "secondary_private_ips": [],
            "security_groups": [
              "streaming-pipeline-sg"
            ],
            "source_dest_check": true,
            "spot_instance_request_id": "",
            "subnet_id": "subnet-06ff7516f35652179",
            "tags": {
              "Name": "streaming-pipeline-server"
            },
            "tags_all": {
              "Name": "streaming-pipeline-server"
            },
            "tenancy": "default",
            "timeouts": null,
            "user_data": "83c63afa2de8c077d4aa4295367821bc5b130a5f",
            "user_data_base64": null,
            "user_data_replace_on_change": false,
            "volume_tags": null,
            "vpc_security_group_ids": [
              "sg-079c0203e7c25736f"
            ]
          },
          "sensitive_attributes": [],
          "private": "eyJlMmJmYjczMC1lY2FhLTExZTYtOGY4OC0zNDM2M2JjN2M0YzAiOnsiY3JlYXRlIjo2MDAwMDAwMDAwMDAsImRlbGV0ZSI6MTIwMDAwMDAwMDAwMCwicmVhZCI6OTAwMDAwMDAwMDAwLCJ1cGRhdGUiOjYwMDAwMDAwMDAwMH0sInNjaGVtYV92ZXJzaW9uIjoiMSJ9",
          "dependencies": [
            "aws_ecr_repository.streaming_pipeline",
            "aws_iam_instance_profile.streaming_pipeline_profile",
            "aws_iam_role.streaming_pipeline_role",
            "aws_key_pair.streaming_pipeline_key",
            "aws_security_group.streaming_pipeline_sg"
          ]
        }
      ]
    },
    {
      "mode": "managed",
      "type": "aws_key_pair",
      "name": "streaming_pipeline_key",
      "provider": "provider[\"registry.terraform.io/hashicorp/aws\"]",
      "instances": [
        {
          "schema_version": 1,
          "attributes": {
            "arn": "arn:aws:ec2:us-east-1:010438480794:key-pair/streaming-pipeline-key",
            "fingerprint": "33:61:5b:4f:ee:f6:87:48:81:a1:ad:6e:2c:f8:d1:fe",
            "id": "streaming-pipeline-key",
            "key_name": "streaming-pipeline-key",
            "key_name_prefix": "",
            "key_pair_id": "key-049bec1487e4a83b9",
            "key_type": "rsa",
            "public_key": "ssh-rsa AAAAB3NzaC1yc2EAAAADAQABAAACAQDY9Gg/y5rPN7RN2rSkO+L8+R3aYxd7I8Kbmtp+v48ORIXvXR8ArgRnIzlJ8ZXGPvVdhfdPcSfktrG4nFZotOQ0W3lmIEg0oTJQv4owNNi4jo1y1Vm9ujgOh0HuWZO1w4ARyrrIMJ+hQeoujd4UMCOs03s7SnFAL83ZNtIdrGMFComMinremnf9Xr2zEFa+4SVk3TrolmNymOzlzvymMsI5K0b3irDPy0wzJEdjRjebOapT3IK+rfo6xcgyWtqfGlsuOe1tHoTrKfe0nRt7MLVqCTmKFvUWi8L5LneC8ggRRmX3ASsojMZjgeRMmJdtCKayV4qHWVEco7rMeoYnnshUJTtj8F3m47CSy9su1UkrptEnMrOn8D7rKNr0qMnhIX0L7w+NVOv1NjEYwceQGRPqou2X9uQm/ScNUkAbyEkaCIXhAEaXUiIKs+i9nEhea+207TOAo+/ac/1Y+fp4phrylZvLYjT3hUa9dFmJZ7naDhj/UNUuOqMGzvKr0uWPjNRktm/eoFH7Aa8ElwozYQPi9gaWgLqvKwLUqvrcMJxCiWb6RmBol/IQGOLaQvk/U7bsxOLLphk8c41Y+Fwc1hJ3+VO0wKfvQj2NgQfxE7uq15VW+Beoxh628Q5pQeWofbWu4BY6PlD4r74/xYr/RA14M//RkInrhwqqsmBvA/xNoQ== bharathsanthanamd1@gmail.com",
            "tags": {},
            "tags_all": {}
          },
          "sensitive_attributes": [],
          "private": "eyJzY2hlbWFfdmVyc2lvbiI6IjEifQ=="
        }
      ]
    },
    {
      "mode": "managed",
      "type": "aws_security_group",
      "name": "streaming_pipeline_sg",
      "provider": "provider[\"registry.terraform.io/hashicorp/aws\"]",
      "instances": [
        {
          "schema_version": 1,
          "attributes": {
            "arn": "arn:aws:ec2:us-east-1:010438480794:security-group/sg-079c0203e7c25736f",
            "description": "Security group for streaming pipeline EC2 instance",
            "egress": [
              {
                "cidr_blocks": [
                  "0.0.0.0/0"
                ],
                "description": "",
                "from_port": 0,
                "ipv6_cidr_blocks": [],
                "prefix_list_ids": [],
                "protocol": "-1",
                "security_groups": [],
                "self": false,
                "to_port": 0
              }
            ],
            "id": "sg-079c0203e7c25736f",
            "ingress": [
              {
                "cidr_blocks": [
                  "0.0.0.0/0"
                ],
                "description": "",
                "from_port": 22,
                "ipv6_cidr_blocks": [],
                "prefix_list_ids": [],
                "protocol": "tcp",
                "security_groups": [],
                "self": false,
                "to_port": 22
              }
            ],
            "name": "streaming-pipeline-sg",
            "name_prefix": "",
            "owner_id": "010438480794",
            "revoke_rules_on_delete": false,
            "tags": {},
            "tags_all": {},
            "timeouts": null,
            "vpc_id": "vpc-0ccd26be3b96c78ff"
          },
          "sensitive_attributes": [],
          "private": "eyJlMmJmYjczMC1lY2FhLTExZTYtOGY4OC0zNDM2M2JjN2M0YzAiOnsiY3JlYXRlIjo2MDAwMDAwMDAwMDAsImRlbGV0ZSI6OTAwMDAwMDAwMDAwfSwic2NoZW1hX3ZlcnNpb24iOiIxIn0="
        }
      ]
    }
  ],
  "check_results": null
}
